
Microsoft Visual Studio Solution File, Format Version 12.00
Project("{2150E333-8FDC-42A3-9474-1A3956D46DE8}") = "API", "API", "{D11E5020-CD1B-4335-B3C0-94F97F5579BE}"
EndProject
Project("{FAE04EC0-301F-11D3-BF4B-00C04F79EFBC}") = "Fulfill3D.API.API", "API\Function\Fulfill3D.API.API.csproj", "{1437DBF1-D0F5-4BC0-8367-2647FAB79B92}"
EndProject
Project("{FAE04EC0-301F-11D3-BF4B-00C04F79EFBC}") = "Fulfill3D.API.API.Data", "API\Data\Fulfill3D.API.API.Data.csproj", "{0EB5FEB3-07D0-4703-AE37-D34B8F4946B2}"
EndProject
Project("{FAE04EC0-301F-11D3-BF4B-00C04F79EFBC}") = "Fulfill3D.API.API.Services", "API\Services\Fulfill3D.API.API.Services.csproj", "{AE664BD3-6FF8-4B29-B018-E99FA137B5BF}"
EndProject
Project("{2150E333-8FDC-42A3-9474-1A3956D46DE8}") = "Integrations", "Integrations", "{1A2385BC-1DA2-4C0F-9570-5E61ABDFCD3D}"
EndProject
Project("{FAE04EC0-301F-11D3-BF4B-00C04F79EFBC}") = "Fulfill3D.Integrations.CosmosDbClient", "Integrations\Fulfill3D.Integrations.CosmosDbClient\Fulfill3D.Integrations.CosmosDbClient.csproj", "{677B2EF7-EE1D-4EA6-AC0C-B0132CE36B69}"
EndProject
Global
	GlobalSection(SolutionConfigurationPlatforms) = preSolution
		Debug|Any CPU = Debug|Any CPU
		Release|Any CPU = Release|Any CPU
	EndGlobalSection
	GlobalSection(NestedProjects) = preSolution
		{1437DBF1-D0F5-4BC0-8367-2647FAB79B92} = {D11E5020-CD1B-4335-B3C0-94F97F5579BE}
		{0EB5FEB3-07D0-4703-AE37-D34B8F4946B2} = {D11E5020-CD1B-4335-B3C0-94F97F5579BE}
		{AE664BD3-6FF8-4B29-B018-E99FA137B5BF} = {D11E5020-CD1B-4335-B3C0-94F97F5579BE}
		{677B2EF7-EE1D-4EA6-AC0C-B0132CE36B69} = {1A2385BC-1DA2-4C0F-9570-5E61ABDFCD3D}
	EndGlobalSection
	GlobalSection(ProjectConfigurationPlatforms) = postSolution
		{1437DBF1-D0F5-4BC0-8367-2647FAB79B92}.Debug|Any CPU.ActiveCfg = Debug|Any CPU
		{1437DBF1-D0F5-4BC0-8367-2647FAB79B92}.Debug|Any CPU.Build.0 = Debug|Any CPU
		{1437DBF1-D0F5-4BC0-8367-2647FAB79B92}.Release|Any CPU.ActiveCfg = Release|Any CPU
		{1437DBF1-D0F5-4BC0-8367-2647FAB79B92}.Release|Any CPU.Build.0 = Release|Any CPU
		{0EB5FEB3-07D0-4703-AE37-D34B8F4946B2}.Debug|Any CPU.ActiveCfg = Debug|Any CPU
		{0EB5FEB3-07D0-4703-AE37-D34B8F4946B2}.Debug|Any CPU.Build.0 = Debug|Any CPU
		{0EB5FEB3-07D0-4703-AE37-D34B8F4946B2}.Release|Any CPU.ActiveCfg = Release|Any CPU
		{0EB5FEB3-07D0-4703-AE37-D34B8F4946B2}.Release|Any CPU.Build.0 = Release|Any CPU
		{AE664BD3-6FF8-4B29-B018-E99FA137B5BF}.Debug|Any CPU.ActiveCfg = Debug|Any CPU
		{AE664BD3-6FF8-4B29-B018-E99FA137B5BF}.Debug|Any CPU.Build.0 = Debug|Any CPU
		{AE664BD3-6FF8-4B29-B018-E99FA137B5BF}.Release|Any CPU.ActiveCfg = Release|Any CPU
		{AE664BD3-6FF8-4B29-B018-E99FA137B5BF}.Release|Any CPU.Build.0 = Release|Any CPU
		{677B2EF7-EE1D-4EA6-AC0C-B0132CE36B69}.Debug|Any CPU.ActiveCfg = Debug|Any CPU
		{677B2EF7-EE1D-4EA6-AC0C-B0132CE36B69}.Debug|Any CPU.Build.0 = Debug|Any CPU
		{677B2EF7-EE1D-4EA6-AC0C-B0132CE36B69}.Release|Any CPU.ActiveCfg = Release|Any CPU
		{677B2EF7-EE1D-4EA6-AC0C-B0132CE36B69}.Release|Any CPU.Build.0 = Release|Any CPU
	EndGlobalSection
EndGlobal
